
Microsoft Visual Studio Solution File, Format Version 12.00
# Visual Studio Express 2013 for Web
VisualStudioVersion = 12.0.30723.0
MinimumVisualStudioVersion = 10.0.40219.1
Project("{FAE04EC0-301F-11D3-BF4B-00C04F79EFBC}") = "WebApplication0306-2", "WebApplication0306-2\WebApplication0306-2.csproj", "{304741A7-46D4-44CF-BD8E-A442CB0BC088}"
EndProject
Project("{FAE04EC0-301F-11D3-BF4B-00C04F79EFBC}") = "WebApplication0306-2.Tests", "WebApplication0306-2.Tests\WebApplication0306-2.Tests.csproj", "{902D7E4D-1467-49EE-B201-1D055DC42160}"
EndProject
Global
	GlobalSection(SolutionConfigurationPlatforms) = preSolution
		Debug|Any CPU = Debug|Any CPU
		Release|Any CPU = Release|Any CPU
	EndGlobalSection
	GlobalSection(ProjectConfigurationPlatforms) = postSolution
		{304741A7-46D4-44CF-BD8E-A442CB0BC088}.Debug|Any CPU.ActiveCfg = Debug|Any CPU
		{304741A7-46D4-44CF-BD8E-A442CB0BC088}.Debug|Any CPU.Build.0 = Debug|Any CPU
		{304741A7-46D4-44CF-BD8E-A442CB0BC088}.Release|Any CPU.ActiveCfg = Release|Any CPU
		{304741A7-46D4-44CF-BD8E-A442CB0BC088}.Release|Any CPU.Build.0 = Release|Any CPU
		{902D7E4D-1467-49EE-B201-1D055DC42160}.Debug|Any CPU.ActiveCfg = Debug|Any CPU
		{902D7E4D-1467-49EE-B201-1D055DC42160}.Debug|Any CPU.Build.0 = Debug|Any CPU
		{902D7E4D-1467-49EE-B201-1D055DC42160}.Release|Any CPU.ActiveCfg = Release|Any CPU
		{902D7E4D-1467-49EE-B201-1D055DC42160}.Release|Any CPU.Build.0 = Release|Any CPU
	EndGlobalSection
	GlobalSection(SolutionProperties) = preSolution
		HideSolutionNode = FALSE
	EndGlobalSection
EndGlobal
